
Microsoft Visual Studio Solution File, Format Version 12.00
# Visual Studio Version 16
VisualStudioVersion = 16.0.31702.278
MinimumVisualStudioVersion = 10.0.40219.1
Project("{FAE04EC0-301F-11D3-BF4B-00C04F79EFBC}") = "LibraryPro", "LibraryPro.csproj", "{537145D7-19AE-4D8F-A153-90594608C119}"
EndProject
Project("{FAE04EC0-301F-11D3-BF4B-00C04F79EFBC}") = "Charts", "..\Charts\Charts.csproj", "{B3A42134-298C-40D5-818A-E047065211A6}"
EndProject
Global
	GlobalSection(SolutionConfigurationPlatforms) = preSolution
		Debug|Any CPU = Debug|Any CPU
		Release|Any CPU = Release|Any CPU
	EndGlobalSection
	GlobalSection(ProjectConfigurationPlatforms) = postSolution
		{537145D7-19AE-4D8F-A153-90594608C119}.Debug|Any CPU.ActiveCfg = Debug|Any CPU
		{537145D7-19AE-4D8F-A153-90594608C119}.Debug|Any CPU.Build.0 = Debug|Any CPU
		{537145D7-19AE-4D8F-A153-90594608C119}.Release|Any CPU.ActiveCfg = Release|Any CPU
		{537145D7-19AE-4D8F-A153-90594608C119}.Release|Any CPU.Build.0 = Release|Any CPU
		{B3A42134-298C-40D5-818A-E047065211A6}.Debug|Any CPU.ActiveCfg = Debug|Any CPU
		{B3A42134-298C-40D5-818A-E047065211A6}.Debug|Any CPU.Build.0 = Debug|Any CPU
		{B3A42134-298C-40D5-818A-E047065211A6}.Release|Any CPU.ActiveCfg = Release|Any CPU
		{B3A42134-298C-40D5-818A-E047065211A6}.Release|Any CPU.Build.0 = Release|Any CPU
	EndGlobalSection
	GlobalSection(SolutionProperties) = preSolution
		HideSolutionNode = FALSE
	EndGlobalSection
	GlobalSection(ExtensibilityGlobals) = postSolution
		SolutionGuid = {8509BF5B-7D30-4F12-AFEF-A93358437C15}
	EndGlobalSection
EndGlobal
